beautifulsoup4==4.15.0
charset-normalizer==3.4.9
colorama==0.4.6
coverage==7.15.4
et_xmlfile==2.0.0
iniconfig==2.3.0
lxml==6.1.1
openpyxl==3.1.5
packaging==26.3
Pillow==12.3.0
pluggy==1.6.0
Pygments==2.20.0
pypdf==6.15.0
pypdfium2==5.12.1
pytest==9.1.1
pytest-cov==7.1.0
python-docx==1.2.0
python-pptx==1.0.2
reportlab==5.0.0
soupsieve==2.9.2
typing_extensions==4.16.0
XlsxWriter==3.2.9
